
Microsoft Visual Studio Solution File, Format Version 12.00
Project("{2150E333-8FDC-42A3-9474-1A3956D46DE8}") = "BuildingBlocks", "BuildingBlocks", "{002E2C70-1B71-496A-8540-FDD68CEBC3DD}"
	ProjectSection(SolutionItems) = preProject
		Directory.Packages.props = Directory.Packages.props
	EndProjectSection
EndProject
Project("{2150E333-8FDC-42A3-9474-1A3956D46DE8}") = "Services", "Services", "{8BA3B259-668F-4B0C-BF39-39BA19406636}"
EndProject
Project("{FAE04EC0-301F-11D3-BF4B-00C04F79EFBC}") = "BuildingBlocks", "BuildingBlocks\BuildingBlocks\BuildingBlocks.csproj", "{31B1BE28-4A33-4D37-A69B-B8FF51CC2E37}"
EndProject
Project("{2150E333-8FDC-42A3-9474-1A3956D46DE8}") = "UserService", "UserService", "{C771A043-DD75-4119-9DD5-C5E14F35714B}"
EndProject
Project("{FAE04EC0-301F-11D3-BF4B-00C04F79EFBC}") = "UserService", "src\UserService\UserService.csproj", "{99925121-1CBF-4AFB-B5EB-1A80BAE915F0}"
EndProject
Project("{2150E333-8FDC-42A3-9474-1A3956D46DE8}") = "ContextBuilderService", "ContextBuilderService", "{E1B638A3-92F1-4FEB-BF08-A687760DEE20}"
EndProject
Project("{FAE04EC0-301F-11D3-BF4B-00C04F79EFBC}") = "ContextBuilderService", "src\ContextBuilderService\ContextBuilderService.csproj", "{E190973E-B7D2-4B9E-8E90-F01C0933D6D4}"
EndProject
Project("{2150E333-8FDC-42A3-9474-1A3956D46DE8}") = "LLMService", "LLMService", "{4828AB90-AA36-4FB3-BCAE-9F67D9DB87AC}"
EndProject
Project("{FAE04EC0-301F-11D3-BF4B-00C04F79EFBC}") = "LLMService", "src\LLMService\LLMService.csproj", "{D13438C2-A248-40C4-8D10-5BC9E0211C61}"
EndProject
Project("{2150E333-8FDC-42A3-9474-1A3956D46DE8}") = "Frontend", "Frontend", "{72384E4A-359B-4198-A2B2-64CF203626E5}"
EndProject
Project("{FAE04EC0-301F-11D3-BF4B-00C04F79EFBC}") = "QuizGeneratorWebApp", "Frontend\QuizGeneratorWebApp\QuizGeneratorWebApp\QuizGeneratorWebApp.csproj", "{2CFAD35E-5B6A-4BF9-B5C8-A7C891533382}"
EndProject
Project("{FAE04EC0-301F-11D3-BF4B-00C04F79EFBC}") = "QuizGeneratorWebApp.Client", "Frontend\QuizGeneratorWebApp\QuizGeneratorWebApp.Client\QuizGeneratorWebApp.Client.csproj", "{BF07F880-B777-41AA-8D88-859B6BA31923}"
EndProject
Project("{2150E333-8FDC-42A3-9474-1A3956D46DE8}") = "Docker", "Docker", "{AA3D8068-C313-491D-BF32-E3CDAB1CD48C}"
	ProjectSection(SolutionItems) = preProject
		docker-compose.yml = docker-compose.yml
		docker-compose-override.yml = docker-compose-override.yml
	EndProjectSection
EndProject
Project("{2150E333-8FDC-42A3-9474-1A3956D46DE8}") = "ApiGateways", "ApiGateways", "{D9267620-630A-4468-B642-80818946F82A}"
EndProject
Project("{FAE04EC0-301F-11D3-BF4B-00C04F79EFBC}") = "YarpGateway", "YarpGateway\YarpGateway.csproj", "{886495A8-6766-4FCA-BB11-145F0FBD708B}"
EndProject
Project("{2150E333-8FDC-42A3-9474-1A3956D46DE8}") = "Orchestration", "Orchestration", "{BDAAFC47-14D7-4008-B8C1-11D9904DBA2B}"
EndProject
Project("{FAE04EC0-301F-11D3-BF4B-00C04F79EFBC}") = "QuizGeneratorWebApp.AppHost", "QuizGeneratorWebApp.AppHost\QuizGeneratorWebApp.AppHost.csproj", "{7294C083-9AD0-4977-85C1-9E8E11254F07}"
EndProject
Project("{FAE04EC0-301F-11D3-BF4B-00C04F79EFBC}") = "QuizGeneratorWebApp.ServiceDefaults", "QuizGeneratorWebApp.ServiceDefaults\QuizGeneratorWebApp.ServiceDefaults.csproj", "{6F609E85-2556-44BD-9C20-7FDC1D7A3473}"
EndProject
Project("{2150E333-8FDC-42A3-9474-1A3956D46DE8}") = "QuizService", "QuizService", "{DDC32DBD-B1F1-4758-9B97-6866DE5D8C66}"
EndProject
Project("{FAE04EC0-301F-11D3-BF4B-00C04F79EFBC}") = "QuizService.Api", "src\QuizService\QuizService.Api\QuizService.Api.csproj", "{2CA8CFA9-EB16-4D30-BA5B-48F0E508FB02}"
EndProject
Project("{FAE04EC0-301F-11D3-BF4B-00C04F79EFBC}") = "QuizService.Domain", "src\QuizService\QuizService.Domain\QuizService.Domain.csproj", "{4F8FF16C-554B-414C-824B-27B7377FCEFE}"
EndProject
Project("{FAE04EC0-301F-11D3-BF4B-00C04F79EFBC}") = "QuizService.Infrastructure", "src\QuizService\QuizService.Infrastructure\QuizService.Infrastructure.csproj", "{74D799BE-B945-4996-81D1-832747968CC2}"
EndProject
Project("{FAE04EC0-301F-11D3-BF4B-00C04F79EFBC}") = "QuizService.Application", "src\QuizService\QuizService.Application\QuizService.Application.csproj", "{D8E2FBF0-FB55-4882-9AD9-EB1FD944CAB3}"
EndProject
Project("{FAE04EC0-301F-11D3-BF4B-00C04F79EFBC}") = "BuildingBlocks.Asynchronously", "BuildingBlocks\BuildingBlocks.Asynchronously\BuildingBlocks.Asynchronously.csproj", "{63E0C1AB-671C-40B1-962E-927031D5F5A1}"
EndProject
Project("{FAE04EC0-301F-11D3-BF4B-00C04F79EFBC}") = "BuildingBlocks.Security", "BuildingBlocks\BuildingBlocks.Security\BuildingBlocks.Security\BuildingBlocks.Security.csproj", "{25868089-A641-4C6B-864A-82E5EA4405B7}"
EndProject
Project("{2150E333-8FDC-42A3-9474-1A3956D46DE8}") = "EnvoyProxy", "EnvoyProxy", "{91D77865-E6A0-4D9E-B5C2-9D07C204E27A}"
	ProjectSection(SolutionItems) = preProject
		Envoy\envoy.yml = Envoy\envoy.yml
	EndProjectSection
EndProject
Project("{2150E333-8FDC-42A3-9474-1A3956D46DE8}") = "Tests", "Tests", "{80CF4BEE-0DD0-4F8A-8843-E79683065E44}"
EndProject
Project("{FAE04EC0-301F-11D3-BF4B-00C04F79EFBC}") = "LLMService.Tests", "Tests\LLMService.Tests\LLMService.Tests.csproj", "{FE1B4DFA-A289-446C-A20C-43776D66372C}"
EndProject
Project("{2150E333-8FDC-42A3-9474-1A3956D46DE8}") = "QuizService.Tests", "QuizService.Tests", "{C8032B6C-3162-4F6C-96A4-3A67E542105A}"
EndProject
Project("{FAE04EC0-301F-11D3-BF4B-00C04F79EFBC}") = "QuizService.Application.Tests", "Tests\QuizService.Tests\QuizService.Application.Tests\QuizService.Application.Tests.csproj", "{243F287E-8198-4D0A-950E-D70343484B18}"
EndProject
Project("{FAE04EC0-301F-11D3-BF4B-00C04F79EFBC}") = "QuizService.Domain.Tests", "Tests\QuizService.Tests\QuizService.Domain.Tests\QuizService.Domain.Tests.csproj", "{5B33B23E-B75D-4D0A-9E21-A825AB4E7750}"
EndProject
Project("{FAE04EC0-301F-11D3-BF4B-00C04F79EFBC}") = "ContextBuilder.Tests", "Tests\ContextBuilder.Tests\ContextBuilder.Tests.csproj", "{CB1623CB-C160-4F77-81BA-31E85DC399A5}"
EndProject
Project("{FAE04EC0-301F-11D3-BF4B-00C04F79EFBC}") = "UserService.Tests", "Tests\UserService.Tests\UserService.Tests.csproj", "{24127A7F-5D74-42E3-870D-8E7031EE7626}"
EndProject
Global
	GlobalSection(SolutionConfigurationPlatforms) = preSolution
		Debug|Any CPU = Debug|Any CPU
		Release|Any CPU = Release|Any CPU
	EndGlobalSection
	GlobalSection(NestedProjects) = preSolution
		{31B1BE28-4A33-4D37-A69B-B8FF51CC2E37} = {002E2C70-1B71-496A-8540-FDD68CEBC3DD}
		{C771A043-DD75-4119-9DD5-C5E14F35714B} = {8BA3B259-668F-4B0C-BF39-39BA19406636}
		{99925121-1CBF-4AFB-B5EB-1A80BAE915F0} = {C771A043-DD75-4119-9DD5-C5E14F35714B}
		{E1B638A3-92F1-4FEB-BF08-A687760DEE20} = {8BA3B259-668F-4B0C-BF39-39BA19406636}
		{E190973E-B7D2-4B9E-8E90-F01C0933D6D4} = {E1B638A3-92F1-4FEB-BF08-A687760DEE20}
		{4828AB90-AA36-4FB3-BCAE-9F67D9DB87AC} = {8BA3B259-668F-4B0C-BF39-39BA19406636}
		{D13438C2-A248-40C4-8D10-5BC9E0211C61} = {4828AB90-AA36-4FB3-BCAE-9F67D9DB87AC}
		{2CFAD35E-5B6A-4BF9-B5C8-A7C891533382} = {72384E4A-359B-4198-A2B2-64CF203626E5}
		{BF07F880-B777-41AA-8D88-859B6BA31923} = {72384E4A-359B-4198-A2B2-64CF203626E5}
		{886495A8-6766-4FCA-BB11-145F0FBD708B} = {D9267620-630A-4468-B642-80818946F82A}
		{7294C083-9AD0-4977-85C1-9E8E11254F07} = {BDAAFC47-14D7-4008-B8C1-11D9904DBA2B}
		{6F609E85-2556-44BD-9C20-7FDC1D7A3473} = {BDAAFC47-14D7-4008-B8C1-11D9904DBA2B}
		{DDC32DBD-B1F1-4758-9B97-6866DE5D8C66} = {8BA3B259-668F-4B0C-BF39-39BA19406636}
		{2CA8CFA9-EB16-4D30-BA5B-48F0E508FB02} = {DDC32DBD-B1F1-4758-9B97-6866DE5D8C66}
		{4F8FF16C-554B-414C-824B-27B7377FCEFE} = {DDC32DBD-B1F1-4758-9B97-6866DE5D8C66}
		{74D799BE-B945-4996-81D1-832747968CC2} = {DDC32DBD-B1F1-4758-9B97-6866DE5D8C66}
		{D8E2FBF0-FB55-4882-9AD9-EB1FD944CAB3} = {DDC32DBD-B1F1-4758-9B97-6866DE5D8C66}
		{63E0C1AB-671C-40B1-962E-927031D5F5A1} = {002E2C70-1B71-496A-8540-FDD68CEBC3DD}
		{25868089-A641-4C6B-864A-82E5EA4405B7} = {002E2C70-1B71-496A-8540-FDD68CEBC3DD}
		{91D77865-E6A0-4D9E-B5C2-9D07C204E27A} = {D9267620-630A-4468-B642-80818946F82A}
		{FE1B4DFA-A289-446C-A20C-43776D66372C} = {80CF4BEE-0DD0-4F8A-8843-E79683065E44}
		{C8032B6C-3162-4F6C-96A4-3A67E542105A} = {80CF4BEE-0DD0-4F8A-8843-E79683065E44}
		{243F287E-8198-4D0A-950E-D70343484B18} = {C8032B6C-3162-4F6C-96A4-3A67E542105A}
		{5B33B23E-B75D-4D0A-9E21-A825AB4E7750} = {C8032B6C-3162-4F6C-96A4-3A67E542105A}
		{CB1623CB-C160-4F77-81BA-31E85DC399A5} = {80CF4BEE-0DD0-4F8A-8843-E79683065E44}
		{24127A7F-5D74-42E3-870D-8E7031EE7626} = {80CF4BEE-0DD0-4F8A-8843-E79683065E44}
	EndGlobalSection
	GlobalSection(ProjectConfigurationPlatforms) = postSolution
		{31B1BE28-4A33-4D37-A69B-B8FF51CC2E37}.Debug|Any CPU.ActiveCfg = Debug|Any CPU
		{31B1BE28-4A33-4D37-A69B-B8FF51CC2E37}.Debug|Any CPU.Build.0 = Debug|Any CPU
		{31B1BE28-4A33-4D37-A69B-B8FF51CC2E37}.Release|Any CPU.ActiveCfg = Release|Any CPU
		{31B1BE28-4A33-4D37-A69B-B8FF51CC2E37}.Release|Any CPU.Build.0 = Release|Any CPU
		{99925121-1CBF-4AFB-B5EB-1A80BAE915F0}.Debug|Any CPU.ActiveCfg = Debug|Any CPU
		{99925121-1CBF-4AFB-B5EB-1A80BAE915F0}.Debug|Any CPU.Build.0 = Debug|Any CPU
		{99925121-1CBF-4AFB-B5EB-1A80BAE915F0}.Release|Any CPU.ActiveCfg = Release|Any CPU
		{99925121-1CBF-4AFB-B5EB-1A80BAE915F0}.Release|Any CPU.Build.0 = Release|Any CPU
		{E190973E-B7D2-4B9E-8E90-F01C0933D6D4}.Debug|Any CPU.ActiveCfg = Debug|Any CPU
		{E190973E-B7D2-4B9E-8E90-F01C0933D6D4}.Debug|Any CPU.Build.0 = Debug|Any CPU
		{E190973E-B7D2-4B9E-8E90-F01C0933D6D4}.Release|Any CPU.ActiveCfg = Release|Any CPU
		{E190973E-B7D2-4B9E-8E90-F01C0933D6D4}.Release|Any CPU.Build.0 = Release|Any CPU
		{D13438C2-A248-40C4-8D10-5BC9E0211C61}.Debug|Any CPU.ActiveCfg = Debug|Any CPU
		{D13438C2-A248-40C4-8D10-5BC9E0211C61}.Debug|Any CPU.Build.0 = Debug|Any CPU
		{D13438C2-A248-40C4-8D10-5BC9E0211C61}.Release|Any CPU.ActiveCfg = Release|Any CPU
		{D13438C2-A248-40C4-8D10-5BC9E0211C61}.Release|Any CPU.Build.0 = Release|Any CPU
		{2CFAD35E-5B6A-4BF9-B5C8-A7C891533382}.Debug|Any CPU.ActiveCfg = Debug|Any CPU
		{2CFAD35E-5B6A-4BF9-B5C8-A7C891533382}.Debug|Any CPU.Build.0 = Debug|Any CPU
		{2CFAD35E-5B6A-4BF9-B5C8-A7C891533382}.Release|Any CPU.ActiveCfg = Release|Any CPU
		{2CFAD35E-5B6A-4BF9-B5C8-A7C891533382}.Release|Any CPU.Build.0 = Release|Any CPU
		{BF07F880-B777-41AA-8D88-859B6BA31923}.Debug|Any CPU.ActiveCfg = Debug|Any CPU
		{BF07F880-B777-41AA-8D88-859B6BA31923}.Debug|Any CPU.Build.0 = Debug|Any CPU
		{BF07F880-B777-41AA-8D88-859B6BA31923}.Release|Any CPU.ActiveCfg = Release|Any CPU
		{BF07F880-B777-41AA-8D88-859B6BA31923}.Release|Any CPU.Build.0 = Release|Any CPU
		{886495A8-6766-4FCA-BB11-145F0FBD708B}.Debug|Any CPU.ActiveCfg = Debug|Any CPU
		{886495A8-6766-4FCA-BB11-145F0FBD708B}.Debug|Any CPU.Build.0 = Debug|Any CPU
		{886495A8-6766-4FCA-BB11-145F0FBD708B}.Release|Any CPU.ActiveCfg = Release|Any CPU
		{886495A8-6766-4FCA-BB11-145F0FBD708B}.Release|Any CPU.Build.0 = Release|Any CPU
		{7294C083-9AD0-4977-85C1-9E8E11254F07}.Debug|Any CPU.ActiveCfg = Debug|Any CPU
		{7294C083-9AD0-4977-85C1-9E8E11254F07}.Debug|Any CPU.Build.0 = Debug|Any CPU
		{7294C083-9AD0-4977-85C1-9E8E11254F07}.Release|Any CPU.ActiveCfg = Release|Any CPU
		{7294C083-9AD0-4977-85C1-9E8E11254F07}.Release|Any CPU.Build.0 = Release|Any CPU
		{6F609E85-2556-44BD-9C20-7FDC1D7A3473}.Debug|Any CPU.ActiveCfg = Debug|Any CPU
		{6F609E85-2556-44BD-9C20-7FDC1D7A3473}.Debug|Any CPU.Build.0 = Debug|Any CPU
		{6F609E85-2556-44BD-9C20-7FDC1D7A3473}.Release|Any CPU.ActiveCfg = Release|Any CPU
		{6F609E85-2556-44BD-9C20-7FDC1D7A3473}.Release|Any CPU.Build.0 = Release|Any CPU
		{2CA8CFA9-EB16-4D30-BA5B-48F0E508FB02}.Debug|Any CPU.ActiveCfg = Debug|Any CPU
		{2CA8CFA9-EB16-4D30-BA5B-48F0E508FB02}.Debug|Any CPU.Build.0 = Debug|Any CPU
		{2CA8CFA9-EB16-4D30-BA5B-48F0E508FB02}.Release|Any CPU.ActiveCfg = Release|Any CPU
		{2CA8CFA9-EB16-4D30-BA5B-48F0E508FB02}.Release|Any CPU.Build.0 = Release|Any CPU
		{4F8FF16C-554B-414C-824B-27B7377FCEFE}.Debug|Any CPU.ActiveCfg = Debug|Any CPU
		{4F8FF16C-554B-414C-824B-27B7377FCEFE}.Debug|Any CPU.Build.0 = Debug|Any CPU
		{4F8FF16C-554B-414C-824B-27B7377FCEFE}.Release|Any CPU.ActiveCfg = Release|Any CPU
		{4F8FF16C-554B-414C-824B-27B7377FCEFE}.Release|Any CPU.Build.0 = Release|Any CPU
		{74D799BE-B945-4996-81D1-832747968CC2}.Debug|Any CPU.ActiveCfg = Debug|Any CPU
		{74D799BE-B945-4996-81D1-832747968CC2}.Debug|Any CPU.Build.0 = Debug|Any CPU
		{74D799BE-B945-4996-81D1-832747968CC2}.Release|Any CPU.ActiveCfg = Release|Any CPU
		{74D799BE-B945-4996-81D1-832747968CC2}.Release|Any CPU.Build.0 = Release|Any CPU
		{D8E2FBF0-FB55-4882-9AD9-EB1FD944CAB3}.Debug|Any CPU.ActiveCfg = Debug|Any CPU
		{D8E2FBF0-FB55-4882-9AD9-EB1FD944CAB3}.Debug|Any CPU.Build.0 = Debug|Any CPU
		{D8E2FBF0-FB55-4882-9AD9-EB1FD944CAB3}.Release|Any CPU.ActiveCfg = Release|Any CPU
		{D8E2FBF0-FB55-4882-9AD9-EB1FD944CAB3}.Release|Any CPU.Build.0 = Release|Any CPU
		{63E0C1AB-671C-40B1-962E-927031D5F5A1}.Debug|Any CPU.ActiveCfg = Debug|Any CPU
		{63E0C1AB-671C-40B1-962E-927031D5F5A1}.Debug|Any CPU.Build.0 = Debug|Any CPU
		{63E0C1AB-671C-40B1-962E-927031D5F5A1}.Release|Any CPU.ActiveCfg = Release|Any CPU
		{63E0C1AB-671C-40B1-962E-927031D5F5A1}.Release|Any CPU.Build.0 = Release|Any CPU
		{25868089-A641-4C6B-864A-82E5EA4405B7}.Debug|Any CPU.ActiveCfg = Debug|Any CPU
		{25868089-A641-4C6B-864A-82E5EA4405B7}.Debug|Any CPU.Build.0 = Debug|Any CPU
		{25868089-A641-4C6B-864A-82E5EA4405B7}.Release|Any CPU.ActiveCfg = Release|Any CPU
		{25868089-A641-4C6B-864A-82E5EA4405B7}.Release|Any CPU.Build.0 = Release|Any CPU
		{FE1B4DFA-A289-446C-A20C-43776D66372C}.Debug|Any CPU.ActiveCfg = Debug|Any CPU
		{FE1B4DFA-A289-446C-A20C-43776D66372C}.Debug|Any CPU.Build.0 = Debug|Any CPU
		{FE1B4DFA-A289-446C-A20C-43776D66372C}.Release|Any CPU.ActiveCfg = Release|Any CPU
		{FE1B4DFA-A289-446C-A20C-43776D66372C}.Release|Any CPU.Build.0 = Release|Any CPU
		{243F287E-8198-4D0A-950E-D70343484B18}.Debug|Any CPU.ActiveCfg = Debug|Any CPU
		{243F287E-8198-4D0A-950E-D70343484B18}.Debug|Any CPU.Build.0 = Debug|Any CPU
		{243F287E-8198-4D0A-950E-D70343484B18}.Release|Any CPU.ActiveCfg = Release|Any CPU
		{243F287E-8198-4D0A-950E-D70343484B18}.Release|Any CPU.Build.0 = Release|Any CPU
		{5B33B23E-B75D-4D0A-9E21-A825AB4E7750}.Debug|Any CPU.ActiveCfg = Debug|Any CPU
		{5B33B23E-B75D-4D0A-9E21-A825AB4E7750}.Debug|Any CPU.Build.0 = Debug|Any CPU
		{5B33B23E-B75D-4D0A-9E21-A825AB4E7750}.Release|Any CPU.ActiveCfg = Release|Any CPU
		{5B33B23E-B75D-4D0A-9E21-A825AB4E7750}.Release|Any CPU.Build.0 = Release|Any CPU
		{CB1623CB-C160-4F77-81BA-31E85DC399A5}.Debug|Any CPU.ActiveCfg = Debug|Any CPU
		{CB1623CB-C160-4F77-81BA-31E85DC399A5}.Debug|Any CPU.Build.0 = Debug|Any CPU
		{CB1623CB-C160-4F77-81BA-31E85DC399A5}.Release|Any CPU.ActiveCfg = Release|Any CPU
		{CB1623CB-C160-4F77-81BA-31E85DC399A5}.Release|Any CPU.Build.0 = Release|Any CPU
		{24127A7F-5D74-42E3-870D-8E7031EE7626}.Debug|Any CPU.ActiveCfg = Debug|Any CPU
		{24127A7F-5D74-42E3-870D-8E7031EE7626}.Debug|Any CPU.Build.0 = Debug|Any CPU
		{24127A7F-5D74-42E3-870D-8E7031EE7626}.Release|Any CPU.ActiveCfg = Release|Any CPU
		{24127A7F-5D74-42E3-870D-8E7031EE7626}.Release|Any CPU.Build.0 = Release|Any CPU
	EndGlobalSection
EndGlobal
